
Microsoft Visual Studio Solution File, Format Version 12.00
# Visual Studio Version 17
VisualStudioVersion = 17.0.31903.59
MinimumVisualStudioVersion = 10.0.40219.1
Project("{FAE04EC0-301F-11D3-BF4B-00C04F79EFBC}") = "API", "API\API.csproj", "{A7D6ED2D-CA99-4420-9516-B55D8B92DB39}"
EndProject
Project("{FAE04EC0-301F-11D3-BF4B-00C04F79EFBC}") = "Core", "Core\Core.csproj", "{66E9A9F4-59EC-4AFF-A1EB-BF1A0A062267}"
EndProject
Project("{FAE04EC0-301F-11D3-BF4B-00C04F79EFBC}") = "Infrastructure", "Infrastructure\Infrastructure.csproj", "{3569034D-2407-4D41-886E-7C175143A17F}"
EndProject
Global
	GlobalSection(SolutionConfigurationPlatforms) = preSolution
		Debug|Any CPU = Debug|Any CPU
		Release|Any CPU = Release|Any CPU
	EndGlobalSection
	GlobalSection(SolutionProperties) = preSolution
		HideSolutionNode = FALSE
	EndGlobalSection
	GlobalSection(ProjectConfigurationPlatforms) = postSolution
		{A7D6ED2D-CA99-4420-9516-B55D8B92DB39}.Debug|Any CPU.ActiveCfg = Debug|Any CPU
		{A7D6ED2D-CA99-4420-9516-B55D8B92DB39}.Debug|Any CPU.Build.0 = Debug|Any CPU
		{A7D6ED2D-CA99-4420-9516-B55D8B92DB39}.Release|Any CPU.ActiveCfg = Release|Any CPU
		{A7D6ED2D-CA99-4420-9516-B55D8B92DB39}.Release|Any CPU.Build.0 = Release|Any CPU
		{66E9A9F4-59EC-4AFF-A1EB-BF1A0A062267}.Debug|Any CPU.ActiveCfg = Debug|Any CPU
		{66E9A9F4-59EC-4AFF-A1EB-BF1A0A062267}.Debug|Any CPU.Build.0 = Debug|Any CPU
		{66E9A9F4-59EC-4AFF-A1EB-BF1A0A062267}.Release|Any CPU.ActiveCfg = Release|Any CPU
		{66E9A9F4-59EC-4AFF-A1EB-BF1A0A062267}.Release|Any CPU.Build.0 = Release|Any CPU
		{3569034D-2407-4D41-886E-7C175143A17F}.Debug|Any CPU.ActiveCfg = Debug|Any CPU
		{3569034D-2407-4D41-886E-7C175143A17F}.Debug|Any CPU.Build.0 = Debug|Any CPU
		{3569034D-2407-4D41-886E-7C175143A17F}.Release|Any CPU.ActiveCfg = Release|Any CPU
		{3569034D-2407-4D41-886E-7C175143A17F}.Release|Any CPU.Build.0 = Release|Any CPU
	EndGlobalSection
EndGlobal
